
Microsoft Visual Studio Solution File, Format Version 12.00
# Visual Studio Version 16
VisualStudioVersion = 16.0.30615.102
MinimumVisualStudioVersion = 10.0.40219.1
Project("{FAE04EC0-301F-11D3-BF4B-00C04F79EFBC}") = "TextureConverterHelper", "TextureConverterHelper.csproj", "{CE2743FA-D2F4-4204-B667-77C3A080937A}"
EndProject
Global
	GlobalSection(SolutionConfigurationPlatforms) = preSolution
		Debug|Any CPU = Debug|Any CPU
		Release|Any CPU = Release|Any CPU
	EndGlobalSection
	GlobalSection(ProjectConfigurationPlatforms) = postSolution
		{CE2743FA-D2F4-4204-B667-77C3A080937A}.Debug|Any CPU.ActiveCfg = Debug|Any CPU
		{CE2743FA-D2F4-4204-B667-77C3A080937A}.Debug|Any CPU.Build.0 = Debug|Any CPU
		{CE2743FA-D2F4-4204-B667-77C3A080937A}.Release|Any CPU.ActiveCfg = Release|Any CPU
		{CE2743FA-D2F4-4204-B667-77C3A080937A}.Release|Any CPU.Build.0 = Release|Any CPU
	EndGlobalSection
	GlobalSection(SolutionProperties) = preSolution
		HideSolutionNode = FALSE
	EndGlobalSection
	GlobalSection(ExtensibilityGlobals) = postSolution
		SolutionGuid = {56E04C3A-6B2F-408B-BD59-62DB070FD2DA}
	EndGlobalSection
EndGlobal
